
Microsoft Visual Studio Solution File, Format Version 12.00
# Visual Studio Version 17
VisualStudioVersion = 17.2.32519.379
MinimumVisualStudioVersion = 10.0.40219.1
Project("{FAE04EC0-301F-11D3-BF4B-00C04F79EFBC}") = "pryRodriguezLP_Clase24-04", "pryRodriguezLP_Clase24-04.csproj", "{C05F0ABC-7A70-48BC-9545-AA8329371B90}"
EndProject
Global
	GlobalSection(SolutionConfigurationPlatforms) = preSolution
		Debug|Any CPU = Debug|Any CPU
		Release|Any CPU = Release|Any CPU
	EndGlobalSection
	GlobalSection(ProjectConfigurationPlatforms) = postSolution
		{C05F0ABC-7A70-48BC-9545-AA8329371B90}.Debug|Any CPU.ActiveCfg = Debug|Any CPU
		{C05F0ABC-7A70-48BC-9545-AA8329371B90}.Debug|Any CPU.Build.0 = Debug|Any CPU
		{C05F0ABC-7A70-48BC-9545-AA8329371B90}.Release|Any CPU.ActiveCfg = Release|Any CPU
		{C05F0ABC-7A70-48BC-9545-AA8329371B90}.Release|Any CPU.Build.0 = Release|Any CPU
	EndGlobalSection
	GlobalSection(SolutionProperties) = preSolution
		HideSolutionNode = FALSE
	EndGlobalSection
	GlobalSection(ExtensibilityGlobals) = postSolution
		SolutionGuid = {6EBF3574-15AB-4D86-8FB0-64775E4C0481}
	EndGlobalSection
EndGlobal
